Microsoft Visual Studio Solution File, Format Version 12.00
# Visual Studio Version 17
VisualStudioVersion = 17.5.2.0
MinimumVisualStudioVersion = 10.0.40219.1
Project("{FAE04EC0-301F-11D3-BF4B-00C04F79EFBC}") = "CsTkinter", "CsTkinter.csproj", "{7254D889-4BB5-DF87-997A-24D3959F68DB}"
EndProject
Global
	GlobalSection(SolutionConfigurationPlatforms) = preSolution
		Debug|Any CPU = Debug|Any CPU
		Release|Any CPU = Release|Any CPU
	EndGlobalSection
	GlobalSection(ProjectConfigurationPlatforms) = postSolution
		{7254D889-4BB5-DF87-997A-24D3959F68DB}.Debug|Any CPU.ActiveCfg = Debug|Any CPU
		{7254D889-4BB5-DF87-997A-24D3959F68DB}.Debug|Any CPU.Build.0 = Debug|Any CPU
		{7254D889-4BB5-DF87-997A-24D3959F68DB}.Release|Any CPU.ActiveCfg = Release|Any CPU
		{7254D889-4BB5-DF87-997A-24D3959F68DB}.Release|Any CPU.Build.0 = Release|Any CPU
	EndGlobalSection
	GlobalSection(SolutionProperties) = preSolution
		HideSolutionNode = FALSE
	EndGlobalSection
	GlobalSection(ExtensibilityGlobals) = postSolution
		SolutionGuid = {589B967F-8B53-4E79-B84C-4B06B99B2AD4}
	EndGlobalSection
EndGlobal
